
Microsoft Visual Studio Solution File, Format Version 12.00
# Visual Studio 15
Project("{2150E333-8FDC-42A3-9474-1A3956D46DE8}") = "Solution Items", "Solution Items", "{F1C6751A-A7CB-4042-90DC-3E963DCECF63}"
	ProjectSection(SolutionItems) = preProject
		docker-compose.yml = docker-compose.yml
		.env = .env
		README.MD = README.MD
		EmptyTextFile.txt = EmptyTextFile.txt
	EndProjectSection
EndProject
Project("{FAE04EC0-301F-11D3-BF4B-00C04F79EFBC}") = "learana_tests", "learana-tests\learana_tests.csproj", "{F1BA7F96-E565-4BEC-81C4-334F442CF3BA}"
EndProject
Project("{FAE04EC0-301F-11D3-BF4B-00C04F79EFBC}") = "Database", "neo4j\Database.csproj", "{CE525F52-3142-4684-B516-31C864BA70D8}"
EndProject
Global
	GlobalSection(SolutionConfigurationPlatforms) = preSolution
		Debug|Any CPU = Debug|Any CPU
		Release|Any CPU = Release|Any CPU
	EndGlobalSection
	GlobalSection(ProjectConfigurationPlatforms) = postSolution
		{F1BA7F96-E565-4BEC-81C4-334F442CF3BA}.Debug|Any CPU.ActiveCfg = Debug|Any CPU
		{F1BA7F96-E565-4BEC-81C4-334F442CF3BA}.Debug|Any CPU.Build.0 = Debug|Any CPU
		{F1BA7F96-E565-4BEC-81C4-334F442CF3BA}.Release|Any CPU.ActiveCfg = Release|Any CPU
		{F1BA7F96-E565-4BEC-81C4-334F442CF3BA}.Release|Any CPU.Build.0 = Release|Any CPU
		{CE525F52-3142-4684-B516-31C864BA70D8}.Debug|Any CPU.ActiveCfg = Debug|Any CPU
		{CE525F52-3142-4684-B516-31C864BA70D8}.Debug|Any CPU.Build.0 = Debug|Any CPU
		{CE525F52-3142-4684-B516-31C864BA70D8}.Release|Any CPU.ActiveCfg = Release|Any CPU
		{CE525F52-3142-4684-B516-31C864BA70D8}.Release|Any CPU.Build.0 = Release|Any CPU
	EndGlobalSection
EndGlobal
